
Microsoft Visual Studio Solution File, Format Version 12.00
# Visual Studio Version 17
VisualStudioVersion = 17.7.34024.191
MinimumVisualStudioVersion = 10.0.40219.1
Project("{FAE04EC0-301F-11D3-BF4B-00C04F79EFBC}") = "Variables ar ar", "Variables ar ar.csproj", "{3F1BC228-19B0-4C3D-AB24-1E47F184F08B}"
EndProject
Global
	GlobalSection(SolutionConfigurationPlatforms) = preSolution
		Debug|Any CPU = Debug|Any CPU
		Release|Any CPU = Release|Any CPU
	EndGlobalSection
	GlobalSection(ProjectConfigurationPlatforms) = postSolution
		{3F1BC228-19B0-4C3D-AB24-1E47F184F08B}.Debug|Any CPU.ActiveCfg = Debug|Any CPU
		{3F1BC228-19B0-4C3D-AB24-1E47F184F08B}.Debug|Any CPU.Build.0 = Debug|Any CPU
		{3F1BC228-19B0-4C3D-AB24-1E47F184F08B}.Release|Any CPU.ActiveCfg = Release|Any CPU
		{3F1BC228-19B0-4C3D-AB24-1E47F184F08B}.Release|Any CPU.Build.0 = Release|Any CPU
	EndGlobalSection
	GlobalSection(SolutionProperties) = preSolution
		HideSolutionNode = FALSE
	EndGlobalSection
	GlobalSection(ExtensibilityGlobals) = postSolution
		SolutionGuid = {C580E72D-0611-4101-A066-CFFDA1552D78}
	EndGlobalSection
EndGlobal
